// !$*UTF8*$!
{
	archiveVersion = 1;
	classes = {
	};
	objectVersion = 50;
	objects = {

/* Begin PBXBuildFile section */
		AF6C7497252010D10018B4E1 /* MoviesOMDB.swift in Sources */ = {isa = PBXBuildFile; fileRef = AF6C7496252010D10018B4E1 /* MoviesOMDB.swift */; };
		AF6C7499252010D10018B4E1 /* ContentView.swift in Sources */ = {isa = PBXBuildFile; fileRef = AF6C7498252010D10018B4E1 /* ContentView.swift */; };
		AF6C749B252010D60018B4E1 /* Assets.xcassets in Resources */ = {isa = PBXBuildFile; fileRef = AF6C749A252010D60018B4E1 /* Assets.xcassets */; };
		AF6C749E252010D60018B4E1 /* Preview Assets.xcassets in Resources */ = {isa = PBXBuildFile; fileRef = AF6C749D252010D60018B4E1 /* Preview Assets.xcassets */; };
		AF6C74B0252104470018B4E1 /* Movie.swift in Sources */ = {isa = PBXBuildFile; fileRef = AF6C74AF252104470018B4E1 /* Movie.swift */; };
		AF6C74B4252104550018B4E1 /* MovieResponse.swift in Sources */ = {isa = PBXBuildFile; fileRef = AF6C74B3252104550018B4E1 /* MovieResponse.swift */; };
		AF6C74B72521F1390018B4E1 /* HTTPClient.swift in Sources */ = {isa = PBXBuildFile; fileRef = AF6C74B62521F1390018B4E1 /* HTTPClient.swift */; };
		AFA24652252AAEA1007C90DC /* Constants.swift in Sources */ = {isa = PBXBuildFile; fileRef = AFA24651252AAEA1007C90DC /* Constants.swift */; };
		AFA2465C252BEBEF007C90DC /* RatingView.swift in Sources */ = {isa = PBXBuildFile; fileRef = AFA2465B252BEBEF007C90DC /* RatingView.swift */; };
		AFA24661252BF1F4007C90DC /* NetwrokError.swift in Sources */ = {isa = PBXBuildFile; fileRef = AFA24660252BF1F4007C90DC /* NetwrokError.swift */; };
		AFF152492521FA9900D42942 /* ImageLoader.swift in Sources */ = {isa = PBXBuildFile; fileRef = AFF152482521FA9900D42942 /* ImageLoader.swift */; };
		AFF1524C2521FC9800D42942 /* URLImageView.swift in Sources */ = {isa = PBXBuildFile; fileRef = AFF1524B2521FC9800D42942 /* URLImageView.swift */; };
		AFF1524F2522021F00D42942 /* MovieDetailsView.swift in Sources */ = {isa = PBXBuildFile; fileRef = AFF1524E2522021F00D42942 /* MovieDetailsView.swift */; };
/* End PBXBuildFile section */

/* Begin PBXFileReference section */
		AF6C7493252010D10018B4E1 /* MoviesOMDB.app */ = {isa = PBXFileReference; explicitFileType = wrapper.application; includeInIndex = 0; path = MoviesOMDB.app; sourceTree = BUILT_PRODUCTS_DIR; };
		AF6C7496252010D10018B4E1 /* MoviesOMDB.swift */ = {isa = PBXFileReference; lastKnownFileType = sourcecode.swift; path = MoviesOMDB.swift; sourceTree = "<group>"; };
		AF6C7498252010D10018B4E1 /* ContentView.swift */ = {isa = PBXFileReference; lastKnownFileType = sourcecode.swift; path = ContentView.swift; sourceTree = "<group>"; };
		AF6C749A252010D60018B4E1 /* Assets.xcassets */ = {isa = PBXFileReference; lastKnownFileType = folder.assetcatalog; path = Assets.xcassets; sourceTree = "<group>"; };
		AF6C749D252010D60018B4E1 /* Preview Assets.xcassets */ = {isa = PBXFileReference; lastKnownFileType = folder.assetcatalog; path = "Preview Assets.xcassets"; sourceTree = "<group>"; };
		AF6C749F252010D60018B4E1 /* Info.plist */ = {isa = PBXFileReference; lastKnownFileType = text.plist.xml; path = Info.plist; sourceTree = "<group>"; };
		AF6C74AF252104470018B4E1 /* Movie.swift */ = {isa = PBXFileReference; lastKnownFileType = sourcecode.swift; path = Movie.swift; sourceTree = "<group>"; };
		AF6C74B3252104550018B4E1 /* MovieResponse.swift */ = {isa = PBXFileReference; lastKnownFileType = sourcecode.swift; path = MovieResponse.swift; sourceTree = "<group>"; };
		AF6C74B62521F1390018B4E1 /* HTTPClient.swift */ = {isa = PBXFileReference; lastKnownFileType = sourcecode.swift; path = HTTPClient.swift; sourceTree = "<group>"; };
		AFA24651252AAEA1007C90DC /* Constants.swift */ = {isa = PBXFileReference; lastKnownFileType = sourcecode.swift; path = Constants.swift; sourceTree = "<group>"; };
		AFA2465B252BEBEF007C90DC /* RatingView.swift */ = {isa = PBXFileReference; lastKnownFileType = sourcecode.swift; path = RatingView.swift; sourceTree = "<group>"; };
		AFA24660252BF1F4007C90DC /* NetwrokError.swift */ = {isa = PBXFileReference; lastKnownFileType = sourcecode.swift; path = NetwrokError.swift; sourceTree = "<group>"; };
		AFF152482521FA9900D42942 /* ImageLoader.swift */ = {isa = PBXFileReference; lastKnownFileType = sourcecode.swift; path = ImageLoader.swift; sourceTree = "<group>"; };
		AFF1524B2521FC9800D42942 /* URLImageView.swift */ = {isa = PBXFileReference; lastKnownFileType = sourcecode.swift; path = URLImageView.swift; sourceTree = "<group>"; };
		AFF1524E2522021F00D42942 /* MovieDetailsView.swift */ = {isa = PBXFileReference; lastKnownFileType = sourcecode.swift; path = MovieDetailsView.swift; sourceTree = "<group>"; };
/* End PBXFileReference section */

/* Begin PBXFrameworksBuildPhase section */
		AF6C7490252010D10018B4E1 /* Frameworks */ = {
			isa = PBXFrameworksBuildPhase;
			buildActionMask = 2147483647;
			files = (
			);
			runOnlyForDeploymentPostprocessing = 0;
		};
/* End PBXFrameworksBuildPhase section */

/* Begin PBXGroup section */
		AF6C748A252010D00018B4E1 = {
			isa = PBXGroup;
			children = (
				AF6C7495252010D10018B4E1 /* MoviesOMDB */,
				AF6C7494252010D10018B4E1 /* Products */,
			);
			sourceTree = "<group>";
		};
		AF6C7494252010D10018B4E1 /* Products */ = {
			isa = PBXGroup;
			children = (
				AF6C7493252010D10018B4E1 /* MoviesOMDB.app */,
			);
			name = Products;
			sourceTree = "<group>";
		};
		AF6C7495252010D10018B4E1 /* MoviesOMDB */ = {
			isa = PBXGroup;
			children = (
				AFA24650252AAE7A007C90DC /* Utills */,
				AF6C74AD2521041A0018B4E1 /* ViewModel */,
				AF6C74AC252104100018B4E1 /* Model */,
				AF6C74AE252104210018B4E1 /* Services */,
				AFA24654252BEACB007C90DC /* Loaders */,
				AFA24655252BEADD007C90DC /* Controls */,
				AFA24656252BEAEE007C90DC /* Extensions */,
				AFA24657252BEAFC007C90DC /* Screens */,
				AF6C74B92521F46E0018B4E1 /* View */,
				AF6C7496252010D10018B4E1 /* MoviesOMDB.swift */,
				AF6C749A252010D60018B4E1 /* Assets.xcassets */,
				AF6C749F252010D60018B4E1 /* Info.plist */,
				AF6C749C252010D60018B4E1 /* Preview Content */,
			);
			path = MoviesOMDB;
			sourceTree = "<group>";
		};
		AF6C749C252010D60018B4E1 /* Preview Content */ = {
			isa = PBXGroup;
			children = (
				AF6C749D252010D60018B4E1 /* Preview Assets.xcassets */,
			);
			path = "Preview Content";
			sourceTree = "<group>";
		};
		AF6C74AC252104100018B4E1 /* Model */ = {
			isa = PBXGroup;
			children = (
				AF6C74B3252104550018B4E1 /* MovieResponse.swift */,
				AF6C74AF252104470018B4E1 /* Movie.swift */,
			);
			path = Model;
			sourceTree = "<group>";
		};
		AF6C74AD2521041A0018B4E1 /* ViewModel */ = {
			isa = PBXGroup;
			children = (
			);
			path = ViewModel;
			sourceTree = "<group>";
		};
		AF6C74AE252104210018B4E1 /* Services */ = {
			isa = PBXGroup;
			children = (
				AF6C74B62521F1390018B4E1 /* HTTPClient.swift */,
				AFA24660252BF1F4007C90DC /* NetwrokError.swift */,
			);
			path = Services;
			sourceTree = "<group>";
		};
		AF6C74B92521F46E0018B4E1 /* View */ = {
			isa = PBXGroup;
			children = (
				AF6C7498252010D10018B4E1 /* ContentView.swift */,
				AFF1524E2522021F00D42942 /* MovieDetailsView.swift */,
			);
			path = View;
			sourceTree = "<group>";
		};
		AFA24650252AAE7A007C90DC /* Utills */ = {
			isa = PBXGroup;
			children = (
				AFA24651252AAEA1007C90DC /* Constants.swift */,
			);
			path = Utills;
			sourceTree = "<group>";
		};
		AFA24654252BEACB007C90DC /* Loaders */ = {
			isa = PBXGroup;
			children = (
				AFF152482521FA9900D42942 /* ImageLoader.swift */,
			);
			path = Loaders;
			sourceTree = "<group>";
		};
		AFA24655252BEADD007C90DC /* Controls */ = {
			isa = PBXGroup;
			children = (
				AFA2465B252BEBEF007C90DC /* RatingView.swift */,
				AFF1524B2521FC9800D42942 /* URLImageView.swift */,
			);
			path = Controls;
			sourceTree = "<group>";
		};
		AFA24656252BEAEE007C90DC /* Extensions */ = {
			isa = PBXGroup;
			children = (
			);
			path = Extensions;
			sourceTree = "<group>";
		};
		AFA24657252BEAFC007C90DC /* Screens */ = {
			isa = PBXGroup;
			children = (
			);
			path = Screens;
			sourceTree = "<group>";
		};
/* End PBXGroup section */

/* Begin PBXNativeTarget section */
		AF6C7492252010D10018B4E1 /* MoviesOMDB */ = {
			isa = PBXNativeTarget;
			buildConfigurationList = AF6C74A2252010D60018B4E1 /* Build configuration list for PBXNativeTarget "MoviesOMDB" */;
			buildPhases = (
				AF6C748F252010D10018B4E1 /* Sources */,
				AF6C7490252010D10018B4E1 /* Frameworks */,
				AF6C7491252010D10018B4E1 /* Resources */,
			);
			buildRules = (
			);
			dependencies = (
			);
			name = MoviesOMDB;
			productName = MoviesLazyGrid;
			productReference = AF6C7493252010D10018B4E1 /* MoviesOMDB.app */;
			productType = "com.apple.product-type.application";
		};
/* End PBXNativeTarget section */

/* Begin PBXProject section */
		AF6C748B252010D00018B4E1 /* Project object */ = {
			isa = PBXProject;
			attributes = {
				LastSwiftUpdateCheck = 1200;
				LastUpgradeCheck = 1200;
				TargetAttributes = {
					AF6C7492252010D10018B4E1 = {
						CreatedOnToolsVersion = 12.0.1;
					};
				};
			};
			buildConfigurationList = AF6C748E252010D00018B4E1 /* Build configuration list for PBXProject "MoviesOMDB" */;
			compatibilityVersion = "Xcode 9.3";
			developmentRegion = en;
			hasScannedForEncodings = 0;
			knownRegions = (
				en,
				Base,
			);
			mainGroup = AF6C748A252010D00018B4E1;
			productRefGroup = AF6C7494252010D10018B4E1 /* Products */;
			projectDirPath = "";
			projectRoot = "";
			targets = (
				AF6C7492252010D10018B4E1 /* MoviesOMDB */,
			);
		};
/* End PBXProject section */

/* Begin PBXResourcesBuildPhase section */
		AF6C7491252010D10018B4E1 /* Resources */ = {
			isa = PBXResourcesBuildPhase;
			buildActionMask = 2147483647;
			files = (
				AF6C749E252010D60018B4E1 /* Preview Assets.xcassets in Resources */,
				AF6C749B252010D60018B4E1 /* Assets.xcassets in Resources */,
			);
			runOnlyForDeploymentPostprocessing = 0;
		};
/* End PBXResourcesBuildPhase section */

/* Begin PBXSourcesBuildPhase section */
		AF6C748F252010D10018B4E1 /* Sources */ = {
			isa = PBXSourcesBuildPhase;
			buildActionMask = 2147483647;
			files = (
				AFF1524C2521FC9800D42942 /* URLImageView.swift in Sources */,
				AF6C7499252010D10018B4E1 /* ContentView.swift in Sources */,
				AFA24661252BF1F4007C90DC /* NetwrokError.swift in Sources */,
				AFF1524F2522021F00D42942 /* MovieDetailsView.swift in Sources */,
				AFA2465C252BEBEF007C90DC /* RatingView.swift in Sources */,
				AF6C74B4252104550018B4E1 /* MovieResponse.swift in Sources */,
				AFF152492521FA9900D42942 /* ImageLoader.swift in Sources */,
				AF6C7497252010D10018B4E1 /* MoviesOMDB.swift in Sources */,
				AF6C74B0252104470018B4E1 /* Movie.swift in Sources */,
				AF6C74B72521F1390018B4E1 /* HTTPClient.swift in Sources */,
				AFA24652252AAEA1007C90DC /* Constants.swift in Sources */,
			);
			runOnlyForDeploymentPostprocessing = 0;
		};
/* End PBXSourcesBuildPhase section */

/* Begin XCBuildConfiguration section */
		AF6C74A0252010D60018B4E1 /* Debug */ = {
			isa = XCBuildConfiguration;
			buildSettings = {
				ALWAYS_SEARCH_USER_PATHS = NO;
				CLANG_ANALYZER_NONNULL = YES;
				CLANG_ANALYZER_NUMBER_OBJECT_CONVERSION = YES_AGGRESSIVE;
				CLANG_CXX_LANGUAGE_STANDARD = "gnu++14";
				CLANG_CXX_LIBRARY = "libc++";
				CLANG_ENABLE_MODULES = YES;
				CLANG_ENABLE_OBJC_ARC = YES;
				CLANG_ENABLE_OBJC_WEAK = YES;
				CLANG_WARN_BLOCK_CAPTURE_AUTORELEASING = YES;
				CLANG_WARN_BOOL_CONVERSION = YES;
				CLANG_WARN_COMMA = YES;
				CLANG_WARN_CONSTANT_CONVERSION = YES;
				CLANG_WARN_DEPRECATED_OBJC_IMPLEMENTATIONS = YES;
				CLANG_WARN_DIRECT_OBJC_ISA_USAGE = YES_ERROR;
				CLANG_WARN_DOCUMENTATION_COMMENTS = YES;
				CLANG_WARN_EMPTY_BODY = YES;
				CLANG_WARN_ENUM_CONVERSION = YES;
				CLANG_WARN_INFINITE_RECURSION = YES;
				CLANG_WARN_INT_CONVERSION = YES;
				CLANG_WARN_NON_LITERAL_NULL_CONVERSION = YES;
				CLANG_WARN_OBJC_IMPLICIT_RETAIN_SELF = YES;
				CLANG_WARN_OBJC_LITERAL_CONVERSION = YES;
				CLANG_WARN_OBJC_ROOT_CLASS = YES_ERROR;
				CLANG_WARN_QUOTED_INCLUDE_IN_FRAMEWORK_HEADER = YES;
				CLANG_WARN_RANGE_LOOP_ANALYSIS = YES;
				CLANG_WARN_STRICT_PROTOTYPES = YES;
				CLANG_WARN_SUSPICIOUS_MOVE = YES;
				CLANG_WARN_UNGUARDED_AVAILABILITY = YES_AGGRESSIVE;
				CLANG_WARN_UNREACHABLE_CODE = YES;
				CLANG_WARN__DUPLICATE_METHOD_MATCH = YES;
				COPY_PHASE_STRIP = NO;
				DEBUG_INFORMATION_FORMAT = dwarf;
				ENABLE_STRICT_OBJC_MSGSEND = YES;
				ENABLE_TESTABILITY = YES;
				GCC_C_LANGUAGE_STANDARD = gnu11;
				GCC_DYNAMIC_NO_PIC = NO;
				GCC_NO_COMMON_BLOCKS = YES;
				GCC_OPTIMIZATION_LEVEL = 0;
				GCC_PREPROCESSOR_DEFINITIONS = (
					"DEBUG=1",
					"$(inherited)",
				);
				GCC_WARN_64_TO_32_BIT_CONVERSION = YES;
				GCC_WARN_ABOUT_RETURN_TYPE = YES_ERROR;
				GCC_WARN_UNDECLARED_SELECTOR = YES;
				GCC_WARN_UNINITIALIZED_AUTOS = YES_AGGRESSIVE;
				GCC_WARN_UNUSED_FUNCTION = YES;
				GCC_WARN_UNUSED_VARIABLE = YES;
				IPHONEOS_DEPLOYMENT_TARGET = 14.0;
				MTL_ENABLE_DEBUG_INFO = INCLUDE_SOURCE;
				MTL_FAST_MATH = YES;
				ONLY_ACTIVE_ARCH = YES;
				SDKROOT = iphoneos;
				SWIFT_ACTIVE_COMPILATION_CONDITIONS = DEBUG;
				SWIFT_OPTIMIZATION_LEVEL = "-Onone";
			};
			name = Debug;
		};
		AF6C74A1252010D60018B4E1 /* Release */ = {
			isa = XCBuildConfiguration;
			buildSettings = {
				ALWAYS_SEARCH_USER_PATHS = NO;
				CLANG_ANALYZER_NONNULL = YES;
				CLANG_ANALYZER_NUMBER_OBJECT_CONVERSION = YES_AGGRESSIVE;
				CLANG_CXX_LANGUAGE_STANDARD = "gnu++14";
				CLANG_CXX_LIBRARY = "libc++";
				CLANG_ENABLE_MODULES = YES;
				CLANG_ENABLE_OBJC_ARC = YES;
				CLANG_ENABLE_OBJC_WEAK = YES;
				CLANG_WARN_BLOCK_CAPTURE_AUTORELEASING = YES;
				CLANG_WARN_BOOL_CONVERSION = YES;
				CLANG_WARN_COMMA = YES;
				CLANG_WARN_CONSTANT_CONVERSION = YES;
				CLANG_WARN_DEPRECATED_OBJC_IMPLEMENTATIONS = YES;
				CLANG_WARN_DIRECT_OBJC_ISA_USAGE = YES_ERROR;
				CLANG_WARN_DOCUMENTATION_COMMENTS = YES;
				CLANG_WARN_EMPTY_BODY = YES;
				CLANG_WARN_ENUM_CONVERSION = YES;
				CLANG_WARN_INFINITE_RECURSION = YES;
				CLANG_WARN_INT_CONVERSION = YES;
				CLANG_WARN_NON_LITERAL_NULL_CONVERSION = YES;
				CLANG_WARN_OBJC_IMPLICIT_RETAIN_SELF = YES;
				CLANG_WARN_OBJC_LITERAL_CONVERSION = YES;
				CLANG_WARN_OBJC_ROOT_CLASS = YES_ERROR;
				CLANG_WARN_QUOTED_INCLUDE_IN_FRAMEWORK_HEADER = YES;
				CLANG_WARN_RANGE_LOOP_ANALYSIS = YES;
				CLANG_WARN_STRICT_PROTOTYPES = YES;
				CLANG_WARN_SUSPICIOUS_MOVE = YES;
				CLANG_WARN_UNGUARDED_AVAILABILITY = YES_AGGRESSIVE;
				CLANG_WARN_UNREACHABLE_CODE = YES;
				CLANG_WARN__DUPLICATE_METHOD_MATCH = YES;
				COPY_PHASE_STRIP = NO;
				DEBUG_INFORMATION_FORMAT = "dwarf-with-dsym";
				ENABLE_NS_ASSERTIONS = NO;
				ENABLE_STRICT_OBJC_MSGSEND = YES;
				GCC_C_LANGUAGE_STANDARD = gnu11;
				GCC_NO_COMMON_BLOCKS = YES;
				GCC_WARN_64_TO_32_BIT_CONVERSION = YES;
				GCC_WARN_ABOUT_RETURN_TYPE = YES_ERROR;
				GCC_WARN_UNDECLARED_SELECTOR = YES;
				GCC_WARN_UNINITIALIZED_AUTOS = YES_AGGRESSIVE;
				GCC_WARN_UNUSED_FUNCTION = YES;
				GCC_WARN_UNUSED_VARIABLE = YES;
				IPHONEOS_DEPLOYMENT_TARGET = 14.0;
				MTL_ENABLE_DEBUG_INFO = NO;
				MTL_FAST_MATH = YES;
				SDKROOT = iphoneos;
				SWIFT_COMPILATION_MODE = wholemodule;
				SWIFT_OPTIMIZATION_LEVEL = "-O";
				VALIDATE_PRODUCT = YES;
			};
			name = Release;
		};
		AF6C74A3252010D60018B4E1 /* Debug */ = {
			isa = XCBuildConfiguration;
			buildSettings = {
				ASSETCATALOG_COMPILER_APPICON_NAME = AppIcon;
				ASSETCATALOG_COMPILER_GLOBAL_ACCENT_COLOR_NAME = AccentColor;
				CODE_SIGN_STYLE = Automatic;
				DEVELOPMENT_ASSET_PATHS = "\"MoviesOMDB/Preview Content\"";
				DEVELOPMENT_TEAM = PTDDPSLG9G;
				ENABLE_PREVIEWS = YES;
				INFOPLIST_FILE = MoviesOMDB/Info.plist;
				IPHONEOS_DEPLOYMENT_TARGET = 14.0;
				LD_RUNPATH_SEARCH_PATHS = (
					"$(inherited)",
					"@executable_path/Frameworks",
				);
				PRODUCT_BUNDLE_IDENTIFIER = com.vngrs.MoviesOMDB;
				PRODUCT_NAME = "$(TARGET_NAME)";
				SWIFT_VERSION = 5.0;
				TARGETED_DEVICE_FAMILY = "1,2";
			};
			name = Debug;
		};
		AF6C74A4252010D60018B4E1 /* Release */ = {
			isa = XCBuildConfiguration;
			buildSettings = {
				ASSETCATALOG_COMPILER_APPICON_NAME = AppIcon;
				ASSETCATALOG_COMPILER_GLOBAL_ACCENT_COLOR_NAME = AccentColor;
				CODE_SIGN_STYLE = Automatic;
				DEVELOPMENT_ASSET_PATHS = "\"MoviesOMDB/Preview Content\"";
				DEVELOPMENT_TEAM = PTDDPSLG9G;
				ENABLE_PREVIEWS = YES;
				INFOPLIST_FILE = MoviesOMDB/Info.plist;
				IPHONEOS_DEPLOYMENT_TARGET = 14.0;
				LD_RUNPATH_SEARCH_PATHS = (
					"$(inherited)",
					"@executable_path/Frameworks",
				);
				PRODUCT_BUNDLE_IDENTIFIER = com.vngrs.MoviesOMDB;
				PRODUCT_NAME = "$(TARGET_NAME)";
				SWIFT_VERSION = 5.0;
				TARGETED_DEVICE_FAMILY = "1,2";
			};
			name = Release;
		};
/* End XCBuildConfiguration section */

/* Begin XCConfigurationList section */
		AF6C748E252010D00018B4E1 /* Build configuration list for PBXProject "MoviesOMDB" */ = {
			isa = XCConfigurationList;
			buildConfigurations = (
				AF6C74A0252010D60018B4E1 /* Debug */,
				AF6C74A1252010D60018B4E1 /* Release */,
			);
			defaultConfigurationIsVisible = 0;
			defaultConfigurationName = Release;
		};
		AF6C74A2252010D60018B4E1 /* Build configuration list for PBXNativeTarget "MoviesOMDB" */ = {
			isa = XCConfigurationList;
			buildConfigurations = (
				AF6C74A3252010D60018B4E1 /* Debug */,
				AF6C74A4252010D60018B4E1 /* Release */,
			);
			defaultConfigurationIsVisible = 0;
			defaultConfigurationName = Release;
		};
/* End XCConfigurationList section */
	};
	rootObject = AF6C748B252010D00018B4E1 /* Project object */;
}
